#MicroXplorer Configuration settings - do not modify
CAD.formats=
CAD.pinconfig=
CAD.provider=
Dma.I2C1_RX.0.Direction=DMA_PERIPH_TO_MEMORY
Dma.I2C1_RX.0.EventEnable=DISABLE
Dma.I2C1_RX.0.Instance=DMA1_Channel1
Dma.I2C1_RX.0.MemDataAlignment=DMA_MDATAALIGN_BYTE
Dma.I2C1_RX.0.MemInc=DMA_MINC_ENABLE
Dma.I2C1_RX.0.Mode=DMA_NORMAL
Dma.I2C1_RX.0.PeriphDataAlignment=DMA_PDATAALIGN_BYTE
Dma.I2C1_RX.0.PeriphInc=DMA_PINC_DISABLE
Dma.I2C1_RX.0.Polarity=HAL_DMAMUX_REQ_GEN_RISING
Dma.I2C1_RX.0.Priority=DMA_PRIORITY_LOW
Dma.I2C1_RX.0.RequestNumber=1
Dma.I2C1_RX.0.RequestParameters=Instance,Direction,PeriphInc,MemInc,PeriphDataAlignment,MemDataAlignment,Mode,Priority,SignalID,Polarity,RequestNumber,SyncSignalID,SyncPolarity,SyncEnable,EventEnable,SyncRequestNumber
Dma.I2C1_RX.0.SignalID=NONE
Dma.I2C1_RX.0.SyncEnable=DISABLE
Dma.I2C1_RX.0.SyncPolarity=HAL_DMAMUX_SYNC_NO_EVENT
Dma.I2C1_RX.0.SyncRequestNumber=1
Dma.I2C1_RX.0.SyncSignalID=NONE
Dma.I2C1_TX.1.Direction=DMA_MEMORY_TO_PERIPH
Dma.I2C1_TX.1.EventEnable=DISABLE
Dma.I2C1_TX.1.Instance=DMA1_Channel2
Dma.I2C1_TX.1.MemDataAlignment=DMA_MDATAALIGN_BYTE
Dma.I2C1_TX.1.MemInc=DMA_MINC_ENABLE
Dma.I2C1_TX.1.Mode=DMA_NORMAL
Dma.I2C1_TX.1.PeriphDataAlignment=DMA_PDATAALIGN_BYTE
Dma.I2C1_TX.1.PeriphInc=DMA_PINC_DISABLE
Dma.I2C1_TX.1.Polarity=HAL_DMAMUX_REQ_GEN_RISING
Dma.I2C1_TX.1.Priority=DMA_PRIORITY_LOW
Dma.I2C1_TX.1.RequestNumber=1
Dma.I2C1_TX.1.RequestParameters=Instance,Direction,PeriphInc,MemInc,PeriphDataAlignment,MemDataAlignment,Mode,Priority,SignalID,Polarity,RequestNumber,SyncSignalID,SyncPolarity,SyncEnable,EventEnable,SyncRequestNumber
Dma.I2C1_TX.1.SignalID=NONE
Dma.I2C1_TX.1.SyncEnable=DISABLE
Dma.I2C1_TX.1.SyncPolarity=HAL_DMAMUX_SYNC_NO_EVENT
Dma.I2C1_TX.1.SyncRequestNumber=1
Dma.I2C1_TX.1.SyncSignalID=NONE
Dma.Request0=I2C1_RX
Dma.Request1=I2C1_TX
Dma.RequestsNb=2
File.Version=6
GPIO.groupedBy=Group By Peripherals
I2C1.Analog_Filter=I2C_ANALOGFILTER_DISABLE
I2C1.I2C_Coeff_DF=0
I2C1.I2C_Fall_Time=100
I2C1.I2C_Rise_Time=100
I2C1.I2C_Speed_Mode=I2C_Fast
I2C1.IPParameters=Timing,I2C_Speed_Mode,I2C_Rise_Time,I2C_Fall_Time,OwnAddress,I2C_Coeff_DF,Analog_Filter
I2C1.OwnAddress=0x24
I2C1.Timing=0x00C12469
I2C2.Analog_Filter=I2C_ANALOGFILTER_ENABLE
I2C2.I2C_Fall_Time=100
I2C2.I2C_Rise_Time=100
I2C2.I2C_Speed_Mode=I2C_Fast
I2C2.IPParameters=Timing,I2C_Speed_Mode,I2C_Rise_Time,I2C_Fall_Time,Analog_Filter,NoStretchMode
I2C2.NoStretchMode=I2C_NOSTRETCH_ENABLE
I2C2.Timing=0x00C12166
KeepUserPlacement=false
Mcu.CPN=STM32G071R8T6
Mcu.Family=STM32G0
Mcu.IP0=DMA
Mcu.IP1=I2C1
Mcu.IP2=I2C2
Mcu.IP3=NVIC
Mcu.IP4=RCC
Mcu.IP5=SYS
Mcu.IP6=TIM2
Mcu.IP7=TIM3
Mcu.IPNb=8
Mcu.Name=STM32G071R(6-8-B)Tx
Mcu.Package=LQFP64
Mcu.Pin0=PF0-OSC_IN (PF0)
Mcu.Pin1=PF1-OSC_OUT (PF1)
Mcu.Pin10=PC7
Mcu.Pin11=PD8
Mcu.Pin12=PA10
Mcu.Pin13=PA11 [PA9]
Mcu.Pin14=PA12 [PA10]
Mcu.Pin15=PA13
Mcu.Pin16=PA14-BOOT0
Mcu.Pin17=PA15
Mcu.Pin18=PC8
Mcu.Pin19=PD2
Mcu.Pin2=PC2
Mcu.Pin20=PD4
Mcu.Pin21=PD5
Mcu.Pin22=PD6
Mcu.Pin23=PB3
Mcu.Pin24=PB6
Mcu.Pin25=PB7
Mcu.Pin26=VP_SYS_VS_Systick
Mcu.Pin27=VP_TIM2_VS_ClockSourceINT
Mcu.Pin28=VP_TIM3_VS_ClockSourceINT
Mcu.Pin3=PB0
Mcu.Pin4=PB1
Mcu.Pin5=PB2
Mcu.Pin6=PB11
Mcu.Pin7=PB12
Mcu.Pin8=PB13
Mcu.Pin9=PA9
Mcu.PinsNb=29
Mcu.ThirdPartyNb=0
Mcu.UserConstants=
Mcu.UserName=STM32G071R8Tx
MxCube.Version=6.12.1
MxDb.Version=DB.6.0.121
NVIC.DMA1_Channel1_IRQn=true\:0\:0\:false\:false\:true\:false\:true\:true
NVIC.DMA1_Channel2_3_IRQn=true\:0\:0\:false\:false\:true\:false\:true\:true
NVIC.EXTI0_1_IRQn=true\:0\:0\:true\:true\:true\:1\:true\:true\:true
NVIC.EXTI2_3_IRQn=true\:0\:0\:true\:true\:true\:2\:true\:true\:true
NVIC.EXTI4_15_IRQn=true\:0\:0\:true\:true\:true\:3\:true\:true\:true
NVIC.ForceEnableDMAVector=true
NVIC.HardFault_IRQn=true\:0\:0\:false\:false\:true\:false\:false\:false
NVIC.NonMaskableInt_IRQn=true\:0\:0\:false\:false\:true\:false\:true\:false
NVIC.PendSV_IRQn=true\:0\:0\:false\:false\:true\:false\:false\:false
NVIC.SVC_IRQn=true\:0\:0\:false\:false\:true\:false\:false\:true
NVIC.SysTick_IRQn=true\:0\:0\:true\:false\:true\:false\:true\:false
NVIC.TIM2_IRQn=true\:1\:0\:true\:false\:true\:true\:true\:true
NVIC.TIM3_IRQn=true\:1\:0\:true\:false\:true\:true\:true\:true
PA10.GPIOParameters=GPIO_Label,GPIO_ModeDefaultEXTI
PA10.GPIO_Label=F_SGPIO_SClock
PA10.GPIO_ModeDefaultEXTI=GPIO_MODE_IT_FALLING
PA10.Locked=true
PA10.Signal=GPXTI10
PA11\ [PA9].GPIOParameters=GPIO_Label
PA11\ [PA9].GPIO_Label=RED_I2C2_SCL
PA11\ [PA9].Locked=true
PA11\ [PA9].Mode=I2C
PA11\ [PA9].Signal=I2C2_SCL
PA12\ [PA10].GPIOParameters=GPIO_Label
PA12\ [PA10].GPIO_Label=RED_I2C2_SDA
PA12\ [PA10].Mode=I2C
PA12\ [PA10].Signal=I2C2_SDA
PA13.Locked=true
PA13.Mode=Serial_Wire
PA13.Signal=SYS_SWDIO
PA14-BOOT0.Mode=Serial_Wire
PA14-BOOT0.Signal=SYS_SWCLK
PA15.GPIOParameters=GPIO_Label,GPIO_ModeDefaultEXTI
PA15.GPIO_Label=F_SGPIO_SLoad
PA15.GPIO_ModeDefaultEXTI=GPIO_MODE_IT_FALLING
PA15.Locked=true
PA15.Signal=GPXTI15
PA9.GPIOParameters=GPIO_Label,GPIO_ModeDefaultEXTI
PA9.GPIO_Label=E_SGPIO_SLoad
PA9.GPIO_ModeDefaultEXTI=GPIO_MODE_IT_FALLING
PA9.Locked=true
PA9.Signal=GPXTI9
PB0.GPIOParameters=GPIO_Label,GPIO_ModeDefaultEXTI
PB0.GPIO_Label=A_SGPIO_SClock
PB0.GPIO_ModeDefaultEXTI=GPIO_MODE_IT_FALLING
PB0.Locked=true
PB0.Signal=GPXTI0
PB1.GPIOParameters=GPIO_Label,GPIO_ModeDefaultEXTI
PB1.GPIO_Label=A_SGPIO_SLoad
PB1.GPIO_ModeDefaultEXTI=GPIO_MODE_IT_FALLING
PB1.Locked=true
PB1.Signal=GPXTI1
PB11.GPIOParameters=GPIO_Label,GPIO_ModeDefaultEXTI
PB11.GPIO_Label=B_SGPIO_SClock
PB11.GPIO_ModeDefaultEXTI=GPIO_MODE_IT_FALLING
PB11.Locked=true
PB11.Signal=GPXTI11
PB12.GPIOParameters=GPIO_Label,GPIO_ModeDefaultEXTI
PB12.GPIO_Label=B_SGPIO_SLoad
PB12.GPIO_ModeDefaultEXTI=GPIO_MODE_IT_FALLING
PB12.Locked=true
PB12.Signal=GPXTI12
PB13.GPIOParameters=GPIO_Label
PB13.GPIO_Label=B_SGPIO_SData
PB13.Locked=true
PB13.Signal=GPIO_Input
PB2.GPIOParameters=GPIO_Label
PB2.GPIO_Label=A_SGPIO_SData
PB2.Locked=true
PB2.Signal=GPIO_Input
PB3.GPIOParameters=GPIO_Label,GPIO_ModeDefaultEXTI
PB3.GPIO_Label=D_SGPIO_SClock
PB3.GPIO_ModeDefaultEXTI=GPIO_MODE_IT_FALLING
PB3.Locked=true
PB3.Signal=GPXTI3
PB6.GPIOParameters=GPIO_Label
PB6.GPIO_Label=TEMP_I2C1_SCL
PB6.Locked=true
PB6.Mode=I2C
PB6.Signal=I2C1_SCL
PB7.GPIOParameters=GPIO_Label
PB7.GPIO_Label=TEMP_I2C_SDA
PB7.Locked=true
PB7.Mode=I2C
PB7.Signal=I2C1_SDA
PC2.GPIOParameters=GPIO_Label,GPIO_ModeDefaultEXTI
PC2.GPIO_Label=C_SGPIO_SClock
PC2.GPIO_ModeDefaultEXTI=GPIO_MODE_IT_FALLING
PC2.Locked=true
PC2.Signal=GPXTI2
PC7.GPIOParameters=GPIO_Label,GPIO_ModeDefaultEXTI
PC7.GPIO_Label=C_SGPIO_SLoad
PC7.GPIO_ModeDefaultEXTI=GPIO_MODE_IT_FALLING
PC7.Locked=true
PC7.Signal=GPXTI7
PC8.GPIOParameters=GPIO_Label
PC8.GPIO_Label=F_SGPIO_SData
PC8.Locked=true
PC8.Signal=GPIO_Input
PD2.GPIOParameters=GPIO_Label
PD2.GPIO_Label=E_SGPIO_SData
PD2.Locked=true
PD2.Signal=GPIO_Input
PD4.GPIOParameters=GPIO_Label,GPIO_ModeDefaultEXTI
PD4.GPIO_Label=E_SGPIO_SClock
PD4.GPIO_ModeDefaultEXTI=GPIO_MODE_IT_FALLING
PD4.Locked=true
PD4.Signal=GPXTI4
PD5.GPIOParameters=GPIO_Label,GPIO_ModeDefaultEXTI
PD5.GPIO_Label=D_SGPIO_SLoad
PD5.GPIO_ModeDefaultEXTI=GPIO_MODE_IT_FALLING
PD5.Locked=true
PD5.Signal=GPXTI5
PD6.GPIOParameters=GPIO_Label
PD6.GPIO_Label=D_SGPIO_SData
PD6.Locked=true
PD6.Signal=GPIO_Input
PD8.GPIOParameters=GPIO_Label
PD8.GPIO_Label=C_SGPIO_SData
PD8.Locked=true
PD8.Signal=GPIO_Input
PF0-OSC_IN\ (PF0).Mode=HSE-External-Oscillator
PF0-OSC_IN\ (PF0).Signal=RCC_OSC_IN
PF1-OSC_OUT\ (PF1).Mode=HSE-External-Oscillator
PF1-OSC_OUT\ (PF1).Signal=RCC_OSC_OUT
PinOutPanel.RotationAngle=0
ProjectManager.AskForMigrate=true
ProjectManager.BackupPrevious=false
ProjectManager.CompilerOptimize=6
ProjectManager.ComputerToolchain=false
ProjectManager.CoupleFile=false
ProjectManager.CustomerFirmwarePackage=
ProjectManager.DefaultFWLocation=true
ProjectManager.DeletePrevious=true
ProjectManager.DeviceId=STM32G071R8Tx
ProjectManager.FirmwarePackage=STM32Cube FW_G0 V1.6.2
ProjectManager.FreePins=false
ProjectManager.HalAssertFull=false
ProjectManager.HeapSize=0x200
ProjectManager.KeepUserCode=true
ProjectManager.LastFirmware=true
ProjectManager.LibraryCopy=1
ProjectManager.MainLocation=Core/Src
ProjectManager.NoMain=false
ProjectManager.PreviousToolchain=
ProjectManager.ProjectBuild=false
ProjectManager.ProjectFileName=PRVL.468266.002_adapter_R8T6.ioc
ProjectManager.ProjectName=PRVL.468266.002_adapter_R8T6
ProjectManager.ProjectStructure=
ProjectManager.RegisterCallBack=
ProjectManager.StackSize=0x400
ProjectManager.TargetToolchain=STM32CubeIDE
ProjectManager.ToolChainLocation=
ProjectManager.UAScriptAfterPath=
ProjectManager.UAScriptBeforePath=
ProjectManager.UnderRoot=true
ProjectManager.functionlistsort=1-SystemClock_Config-RCC-false-HAL-false,2-MX_GPIO_Init-GPIO-false-HAL-true,3-MX_DMA_Init-DMA-false-HAL-true,4-MX_I2C1_Init-I2C1-false-HAL-true,5-MX_I2C2_Init-I2C2-false-HAL-true,6-MX_TIM2_Init-TIM2-false-HAL-true,7-MX_TIM3_Init-TIM3-false-HAL-true
RCC.ADCFreq_Value=64000000
RCC.AHBFreq_Value=64000000
RCC.APBFreq_Value=64000000
RCC.APBTimFreq_Value=64000000
RCC.CECFreq_Value=32786.88524590164
RCC.CortexFreq_Value=64000000
RCC.EXTERNAL_CLOCK_VALUE=48000
RCC.EnbaleCSS=true
RCC.FCLKCortexFreq_Value=64000000
RCC.FamilyName=M
RCC.HCLKFreq_Value=64000000
RCC.HSE_VALUE=8000000
RCC.HSI_VALUE=16000000
RCC.I2C1Freq_Value=64000000
RCC.I2S1Freq_Value=64000000
RCC.IPParameters=ADCFreq_Value,AHBFreq_Value,APBFreq_Value,APBTimFreq_Value,CECFreq_Value,CortexFreq_Value,EXTERNAL_CLOCK_VALUE,EnbaleCSS,FCLKCortexFreq_Value,FamilyName,HCLKFreq_Value,HSE_VALUE,HSI_VALUE,I2C1Freq_Value,I2S1Freq_Value,LPTIM1Freq_Value,LPTIM2Freq_Value,LPUART1Freq_Value,LSCOPinFreq_Value,LSE_VALUE,LSI_VALUE,MCO1PinFreq_Value,PLLN,PLLPoutputFreq_Value,PLLQ,PLLQoutputFreq_Value,PLLRCLKFreq_Value,PLLSourceVirtual,PWRFreq_Value,SYSCLKFreq_VALUE,SYSCLKSource,TIM15Freq_Value,TIM1Freq_Value,USART1Freq_Value,USART2Freq_Value,VCOInputFreq_Value,VCOOutputFreq_Value
RCC.LPTIM1Freq_Value=64000000
RCC.LPTIM2Freq_Value=64000000
RCC.LPUART1Freq_Value=64000000
RCC.LSCOPinFreq_Value=32000
RCC.LSE_VALUE=32768
RCC.LSI_VALUE=32000
RCC.MCO1PinFreq_Value=64000000
RCC.PLLN=16
RCC.PLLPoutputFreq_Value=64000000
RCC.PLLQ=RCC_PLLQ_DIV4
RCC.PLLQoutputFreq_Value=32000000
RCC.PLLRCLKFreq_Value=64000000
RCC.PLLSourceVirtual=RCC_PLLSOURCE_HSE
RCC.PWRFreq_Value=64000000
RCC.SYSCLKFreq_VALUE=64000000
RCC.SYSCLKSource=RCC_SYSCLKSOURCE_PLLCLK
RCC.TIM15Freq_Value=64000000
RCC.TIM1Freq_Value=64000000
RCC.USART1Freq_Value=64000000
RCC.USART2Freq_Value=64000000
RCC.VCOInputFreq_Value=8000000
RCC.VCOOutputFreq_Value=128000000
SH.GPXTI0.0=GPIO_EXTI0
SH.GPXTI0.ConfNb=1
SH.GPXTI1.0=GPIO_EXTI1
SH.GPXTI1.ConfNb=1
SH.GPXTI10.0=GPIO_EXTI10
SH.GPXTI10.ConfNb=1
SH.GPXTI11.0=GPIO_EXTI11
SH.GPXTI11.ConfNb=1
SH.GPXTI12.0=GPIO_EXTI12
SH.GPXTI12.ConfNb=1
SH.GPXTI15.0=GPIO_EXTI15
SH.GPXTI15.ConfNb=1
SH.GPXTI2.0=GPIO_EXTI2
SH.GPXTI2.ConfNb=1
SH.GPXTI3.0=GPIO_EXTI3
SH.GPXTI3.ConfNb=1
SH.GPXTI4.0=GPIO_EXTI4
SH.GPXTI4.ConfNb=1
SH.GPXTI5.0=GPIO_EXTI5
SH.GPXTI5.ConfNb=1
SH.GPXTI7.0=GPIO_EXTI7
SH.GPXTI7.ConfNb=1
SH.GPXTI9.0=GPIO_EXTI9
SH.GPXTI9.ConfNb=1
TIM2.IPParameters=Period,Prescaler
TIM2.Period=63999
TIM2.Prescaler=999
TIM3.IPParameters=Period,Prescaler
TIM3.Period=63999
TIM3.Prescaler=499
VP_SYS_VS_Systick.Mode=SysTick
VP_SYS_VS_Systick.Signal=SYS_VS_Systick
VP_TIM2_VS_ClockSourceINT.Mode=Internal
VP_TIM2_VS_ClockSourceINT.Signal=TIM2_VS_ClockSourceINT
VP_TIM3_VS_ClockSourceINT.Mode=Internal
VP_TIM3_VS_ClockSourceINT.Signal=TIM3_VS_ClockSourceINT
board=custom
isbadioc=false
